
Microsoft Visual Studio Solution File, Format Version 12.00
# Visual Studio Version 17
VisualStudioVersion = 17.0.31611.283
MinimumVisualStudioVersion = 10.0.40219.1
Project("{9A19103F-16F7-4668-BE54-9A1E7A4F7556}") = "QCUniversidad.Api", "QCUniversidad.Api\QCUniversidad.Api.csproj", "{B8ACD3ED-B1B9-4CFD-91E4-C3336253B81C}"
EndProject
Project("{9A19103F-16F7-4668-BE54-9A1E7A4F7556}") = "QCUniversidad.Api.Shared", "QCUniversidad.Api.Shared\QCUniversidad.Api.Shared.csproj", "{77DFB00C-C61F-447D-8196-990B3528E0E6}"
EndProject
Project("{9A19103F-16F7-4668-BE54-9A1E7A4F7556}") = "QCUniversidad.WebClient", "QCUniversidad.WebClient\QCUniversidad.WebClient.csproj", "{34B63EAB-CD2D-4FC6-83E3-C08E607F4C6D}"
EndProject
Project("{9A19103F-16F7-4668-BE54-9A1E7A4F7556}") = "SmartB1t.Security", "SmartB1t.Security\SmartB1t.Security.csproj", "{3AB10BEA-0314-4FF9-AD58-BFFB5A8EB444}"
EndProject
Project("{9A19103F-16F7-4668-BE54-9A1E7A4F7556}") = "SmartB1t.Security.Extensions", "SmartB1t.Security.Extensions\SmartB1t.Security.Extensions.csproj", "{3A9F2B82-0F36-495B-A557-2BDC07E25FB0}"
EndProject
Project("{9A19103F-16F7-4668-BE54-9A1E7A4F7556}") = "SmartB1t.Security.WebSecurity.Local", "SmartB1t.Security.WebSecurity.Local\SmartB1t.Security.WebSecurity.Local.csproj", "{24CB2CCB-193C-48F8-BF7F-E8FEFEBA74B6}"
EndProject
Project("{9A19103F-16F7-4668-BE54-9A1E7A4F7556}") = "SmartB1t.Web.Extensions", "SmartB1t.Web.Extensions\SmartB1t.Web.Extensions.csproj", "{932AABF1-74B0-45AE-985B-B0691B763F58}"
EndProject
Project("{9A19103F-16F7-4668-BE54-9A1E7A4F7556}") = "IdServer", "IdServer\IdServer.csproj", "{6B1CB4F8-E801-4F8B-88BE-631D6B9DEFA9}"
EndProject
Global
	GlobalSection(SolutionConfigurationPlatforms) = preSolution
		Debug|Any CPU = Debug|Any CPU
		Release|Any CPU = Release|Any CPU
	EndGlobalSection
	GlobalSection(ProjectConfigurationPlatforms) = postSolution
		{B8ACD3ED-B1B9-4CFD-91E4-C3336253B81C}.Debug|Any CPU.ActiveCfg = Debug|Any CPU
		{B8ACD3ED-B1B9-4CFD-91E4-C3336253B81C}.Debug|Any CPU.Build.0 = Debug|Any CPU
		{B8ACD3ED-B1B9-4CFD-91E4-C3336253B81C}.Release|Any CPU.ActiveCfg = Release|Any CPU
		{B8ACD3ED-B1B9-4CFD-91E4-C3336253B81C}.Release|Any CPU.Build.0 = Release|Any CPU
		{77DFB00C-C61F-447D-8196-990B3528E0E6}.Debug|Any CPU.ActiveCfg = Debug|Any CPU
		{77DFB00C-C61F-447D-8196-990B3528E0E6}.Debug|Any CPU.Build.0 = Debug|Any CPU
		{77DFB00C-C61F-447D-8196-990B3528E0E6}.Release|Any CPU.ActiveCfg = Release|Any CPU
		{77DFB00C-C61F-447D-8196-990B3528E0E6}.Release|Any CPU.Build.0 = Release|Any CPU
		{34B63EAB-CD2D-4FC6-83E3-C08E607F4C6D}.Debug|Any CPU.ActiveCfg = Debug|Any CPU
		{34B63EAB-CD2D-4FC6-83E3-C08E607F4C6D}.Debug|Any CPU.Build.0 = Debug|Any CPU
		{34B63EAB-CD2D-4FC6-83E3-C08E607F4C6D}.Release|Any CPU.ActiveCfg = Release|Any CPU
		{34B63EAB-CD2D-4FC6-83E3-C08E607F4C6D}.Release|Any CPU.Build.0 = Release|Any CPU
		{3AB10BEA-0314-4FF9-AD58-BFFB5A8EB444}.Debug|Any CPU.ActiveCfg = Debug|Any CPU
		{3AB10BEA-0314-4FF9-AD58-BFFB5A8EB444}.Debug|Any CPU.Build.0 = Debug|Any CPU
		{3AB10BEA-0314-4FF9-AD58-BFFB5A8EB444}.Release|Any CPU.ActiveCfg = Release|Any CPU
		{3AB10BEA-0314-4FF9-AD58-BFFB5A8EB444}.Release|Any CPU.Build.0 = Release|Any CPU
		{3A9F2B82-0F36-495B-A557-2BDC07E25FB0}.Debug|Any CPU.ActiveCfg = Debug|Any CPU
		{3A9F2B82-0F36-495B-A557-2BDC07E25FB0}.Debug|Any CPU.Build.0 = Debug|Any CPU
		{3A9F2B82-0F36-495B-A557-2BDC07E25FB0}.Release|Any CPU.ActiveCfg = Release|Any CPU
		{3A9F2B82-0F36-495B-A557-2BDC07E25FB0}.Release|Any CPU.Build.0 = Release|Any CPU
		{24CB2CCB-193C-48F8-BF7F-E8FEFEBA74B6}.Debug|Any CPU.ActiveCfg = Debug|Any CPU
		{24CB2CCB-193C-48F8-BF7F-E8FEFEBA74B6}.Debug|Any CPU.Build.0 = Debug|Any CPU
		{24CB2CCB-193C-48F8-BF7F-E8FEFEBA74B6}.Release|Any CPU.ActiveCfg = Release|Any CPU
		{24CB2CCB-193C-48F8-BF7F-E8FEFEBA74B6}.Release|Any CPU.Build.0 = Release|Any CPU
		{932AABF1-74B0-45AE-985B-B0691B763F58}.Debug|Any CPU.ActiveCfg = Debug|Any CPU
		{932AABF1-74B0-45AE-985B-B0691B763F58}.Debug|Any CPU.Build.0 = Debug|Any CPU
		{932AABF1-74B0-45AE-985B-B0691B763F58}.Release|Any CPU.ActiveCfg = Release|Any CPU
		{932AABF1-74B0-45AE-985B-B0691B763F58}.Release|Any CPU.Build.0 = Release|Any CPU
		{6B1CB4F8-E801-4F8B-88BE-631D6B9DEFA9}.Debug|Any CPU.ActiveCfg = Debug|Any CPU
		{6B1CB4F8-E801-4F8B-88BE-631D6B9DEFA9}.Debug|Any CPU.Build.0 = Debug|Any CPU
		{6B1CB4F8-E801-4F8B-88BE-631D6B9DEFA9}.Release|Any CPU.ActiveCfg = Release|Any CPU
		{6B1CB4F8-E801-4F8B-88BE-631D6B9DEFA9}.Release|Any CPU.Build.0 = Release|Any CPU
	EndGlobalSection
	GlobalSection(SolutionProperties) = preSolution
		HideSolutionNode = FALSE
	EndGlobalSection
	GlobalSection(ExtensibilityGlobals) = postSolution
		SolutionGuid = {61F7FB11-1E47-470C-91E2-47F8143E1572}
	EndGlobalSection
EndGlobal
